# This file was autogenerated by uv via the following command:
#    uv pip compile scanner/model_intake_tools/fickling.in --python-version 3.12 --universal --generate-hashes --output-file scanner/model_intake_tools/fickling.lock
fickling==0.1.12 \
    --hash=sha256:6232b72857e6ee9d729922811b681132d49dc39abc896581390dad1c0eada814 \
    --hash=sha256:83f6ccc948e21edb9ebd92795069536b47f481ce6add62598eac608b31576821
    # via -r scanner/model_intake_tools/fickling.in
