# This file was autogenerated by uv via the following command:
#    uv pip compile scanner/model_intake_tools/modelscan.in --python-version 3.12 --universal --generate-hashes --output-file scanner/model_intake_tools/modelscan.lock
click==8.4.2 \
    --hash=sha256:9a6cea6e60b17ebe0a44c5cc636d94f09bd66142c1cd7d8b4cd731c4917a15f6 \
    --hash=sha256:e6f9f66136c816745b9d65817da91d61d957fb16e02e4dcd0552553c5a197b76
    # via modelscan
colorama==0.4.6 ; sys_platform == 'win32' \
    --hash=sha256:08695f5cb7ed6e0531a20572697297273c47b8cae5a63ffc6d6ed5c201be6e44 \
    --hash=sha256:4f1d9991f5acc0ca119f9d443620b77f9d6b33703e51011c16baf57afb285fc6
    # via click
h5py==3.16.0 \
    --hash=sha256:099f2525c9dcf28de366970a5fb34879aab20491589fa89ce2863a84218bb524 \
    --hash=sha256:0f456f556e4e2cebeebd9d66adf8dc321770a42593494a0b6f0af54a7567b242 \
    --hash=sha256:15922e485844f77c0b9d275396d435db3baa58292a9c2176a386e072e0cf2491 \
    --hash=sha256:1677ad48b703f44efc9ea0c3ab284527f81bc4f318386aaaebc5fede6bbae56f \
    --hash=sha256:171038f23bccddfc23f344cadabdfc9917ff554db6a0d417180d2747fe4c75a7 \
    --hash=sha256:17d1f1630f92ad74494a9a7392ab25982ce2b469fc62da6074c0ce48366a2999 \
    --hash=sha256:1897a771a7f40d05c262fc8f37376ec37873218544b70216872876c627640f63 \
    --hash=sha256:18f2bbcd545e6991412253b98727374c356d67caa920e68dc79eab36bf5fedad \
    --hash=sha256:2b2c02b0a160faed5fb33f1ba8a264a37ee240b22e049ecc827345d0d9043074 \
    --hash=sha256:314b6054fe0b1051c2b0cb2df5cbdab15622fb05e80f202e3b6a5eee0d6fe365 \
    --hash=sha256:346df559a0f7dcb31cf8e44805319e2ab24b8957c45e7708ce503b2ec79ba725 \
    --hash=sha256:370a845f432c2c9619db8eed334d1e610c6015796122b0e57aa46312c22617d9 \
    --hash=sha256:39c2838fb1e8d97bcf1755e60ad1f3dd76a7b2a475928dc321672752678b96db \
    --hash=sha256:3e6cb3387c756de6a9492d601553dffea3fe11b5f22b443aac708c69f3f55e16 \
    --hash=sha256:3fae9197390c325e62e0a1aa977f2f62d994aa87aab182abbea85479b791197c \
    --hash=sha256:42108e93326c50c2810025aade9eac9d6827524cdccc7d4b75a546e5ab308edb \
    --hash=sha256:42b012933a83e1a558c673176676a10ce2fd3759976a0fedee1e672d1e04fc9d \
    --hash=sha256:43259303989ac8adacc9986695b31e35dba6fd1e297ff9c6a04b7da5542139cc \
    --hash=sha256:4c6ab014ab704b4feaa719ae783b86522ed0bf1f82184704ed3c9e4e3228796e \
    --hash=sha256:656f00e4d903199a1d58df06b711cf3ca632b874b4207b7dbec86185b5c8c7d4 \
    --hash=sha256:698dd69291272642ffda44a0ecd6cd3bda5faf9621452d255f57ce91487b9794 \
    --hash=sha256:719439d14b83f74eeb080e9650a6c7aa6d0d9ea0ca7f804347b05fac6fbf18af \
    --hash=sha256:7c4dd4cf5f0a4e36083f73172f6cfc25a5710789269547f132a20975bfe2434c \
    --hash=sha256:7e420b539fb6023a259a1b14d4c9f6df8cf50d7268f48e161169987a57b737ff \
    --hash=sha256:8389e13a1fd745ad2856873e8187fd10268b2d9677877bb667b41aebd771d8b7 \
    --hash=sha256:85b9c49dd58dc44cf70af944784e2c2038b6f799665d0dcbbc812a26e0faa859 \
    --hash=sha256:86385ea895508220b8a7e45efa428aeafaa586bd737c7af9ee04661d8d84a10d \
    --hash=sha256:8975273c2c5921c25700193b408e28d6bdd0111c37468b2d4e25dcec4cd1d84d \
    --hash=sha256:8c1eff849cdd53cbc73c214c30ebdb6f1bb8b64790b4b4fc36acdb5e43570210 \
    --hash=sha256:9300ad32dea9dfc5171f94d5f6948e159ed93e4701280b0f508773b3f582f402 \
    --hash=sha256:96b422019a1c8975c2d5dadcf61d4ba6f01c31f92bbde6e4649607885fe502d6 \
    --hash=sha256:9c9d307c0ef862d1cd5714f72ecfafe0a5d7529c44845afa8de9f46e5ba8bd65 \
    --hash=sha256:a0dbaad796840ccaa67a4c144a0d0c8080073c34c76d5a6941d6818678ef2738 \
    --hash=sha256:a6fbc5367d4046801f9b7db9191b31895f22f1c6df1f9987d667854cac493538 \
    --hash=sha256:bdef06507725b455fccba9c16529121a5e1fbf56aa375f7d9713d9e8ff42454d \
    --hash=sha256:c3f0a0e136f2e95dd0b67146abb6668af4f1a69c81ef8651a2d316e8e01de447 \
    --hash=sha256:c5313566f4643121a78503a473f0fb1e6dcc541d5115c44f05e037609c565c4d \
    --hash=sha256:df02dd29bd247f98674634dfe41f89fd7c16ba3d7de8695ec958f58404a4e618 \
    --hash=sha256:dfc21898ff025f1e8e67e194965a95a8d4754f452f83454538f98f8a3fcb207e \
    --hash=sha256:e06f864bedb2c8e7c1358e6c73af48519e317457c444d6f3d332bb4e8fa6d7d9 \
    --hash=sha256:e2c04d129f180019e216ee5f9c40b78a418634091c8782e1f723a6ca3658b965 \
    --hash=sha256:e4360f15875a532bc7b98196c7592ed4fc92672a57c0a621355961cafb17a6dd \
    --hash=sha256:ec86d4fffd87a0f4cb3d5796ceb5a50123a2a6d99b43e616e5504e66a953eca3 \
    --hash=sha256:fa48993a0b799737ba7fd21e2350fa0a60701e58180fae9f2de834bc39a147ab \
    --hash=sha256:faca8fb4e4319c09d83337adc80b2ca7d5c5a343c2d6f1b6388f32cfecca13c1 \
    --hash=sha256:fb1720028d99040792bb2fb31facb8da44a6f29df7697e0b84f0d79aff2e9bd3 \
    --hash=sha256:ff24039e2573297787c3063df64b60aab0591980ac898329a08b0320e0cf2527 \
    --hash=sha256:ffbab2fedd6581f6aa31cf1639ca2cb86e02779de525667892ebf4cc9fd26434
    # via modelscan
markdown-it-py==4.2.0 \
    --hash=sha256:04a21681d6fbb623de53f6f364d352309d4094dd4194040a10fd51833e418d49 \
    --hash=sha256:9f7ebbcd14fe59494226453aed97c1070d83f8d24b6fc3a3bcf9a38092641c4a
    # via rich
mdurl==0.1.2 \
    --hash=sha256:84008a41e51615a49fc9966191ff91509e3c40b939176e643fd50a5c2196b8f8 \
    --hash=sha256:bb413d29f5eea38f31dd4754dd7377d4465116fb207585f97bf925588687c1ba
    # via markdown-it-py
modelscan==0.8.8 \
    --hash=sha256:34b134084370eb9832e0a7571297c3054ebfbff9f005992fe6f28ffc10135514 \
    --hash=sha256:a1997df2368628daa1b3f394f5660a338b1debc623dec67b38f665ba04ad967e
    # via -r scanner/model_intake_tools/modelscan.in
numpy==2.5.1 \
    --hash=sha256:08d60c810432eb83360958dea0999ac4cfb94531ea8efcbf0b7f277c2068aeb2 \
    --hash=sha256:09e9bfd8d2cf479c7d174804fb3811c53a8e9f20a37444008606b57d6b7a826d \
    --hash=sha256:0bfebd8695f9863592fe744be833a258120b14a9f39da255e8aa8fade2c0ddd1 \
    --hash=sha256:17a25e09640602e10bc8de0e6fa2b3fd68eedd84ba6d7842dc8f32f9ab87bd0b \
    --hash=sha256:1c6759f538fb912fc46de0a6b1758ccf7b57bc7c7ebebc23974fdac3de8db0cd \
    --hash=sha256:224ca51130ef7da85bea2191625181cb4f337f9cb64b471f10c1a12aa8b60077 \
    --hash=sha256:24d0eb82c0541d3415a33425db64ae439dffccd7b4dbcb30e7c35120205c506a \
    --hash=sha256:2ae0ca40bcb22d6ba59c1dfd5446f49940b0f2d821fde133f10dda11f816b84e \
    --hash=sha256:2c889b56fe48b1018f764b0eec8df59ab654e9148aa91faa12596043500de277 \
    --hash=sha256:30b44a6b53a7ae63c54c089a8726e5563ed302716c5b7ccc85afade40b0e7ff6 \
    --hash=sha256:32985c896d897419ef8da6917872d80b78ad0ea26d85b23245c7366ffde76d75 \
    --hash=sha256:3935f3b419b244a02732676fa5317a9193cc596a4c0646db07e5b421229ac9f7 \
    --hash=sha256:4939237038ada79308dda3204ac6462df056b5672b2e25db1149cf873668b3e1 \
    --hash=sha256:4b4ff1608417eb7a59da7b967bbb798cacfe071d2caf526a24281cd562072ed9 \
    --hash=sha256:54ad769f17bc2d833b620851989f62054fb9ab93c969d9e1dc3c8e3d56beea21 \
    --hash=sha256:59fda5e192b570217ec2580c96f00e9a7e12ef6866a900eb089b62c1a32545ca \
    --hash=sha256:5a4c988b38d261deeeaad9954e3deb091ad905c94e8bb6708654ef1d97f286b0 \
    --hash=sha256:5a6db61f9aaa57e369905c67d852045d3c4f7126405b29d09b19dec118e9c9cb \
    --hash=sha256:6165343f81b56ef8f514f396989e529b61d9dc709b99421b07e9f3e698e2287d \
    --hash=sha256:61ac47e772e6b8ea489e1d2f441a34c5c3ac17327e7ce294cbdf535795ad4e75 \
    --hash=sha256:6c3fe51bc6a16453d452997053454f309e8e0ed7b42d6b361ce4ac8c32913d74 \
    --hash=sha256:6eab239876581b2b3c5a242281b6007bbdbcd1c7085d7709bb57c5929b11e6bf \
    --hash=sha256:78798bd5b9ad744056af8efa90e3b9ddaa53272a0848a483084a1cc0a13b2dc0 \
    --hash=sha256:7c786fe9a5bbe360022e584c5a34cf6b54265c71bd7ec8ac3d8fec38968071f8 \
    --hash=sha256:83ce9c80d5b521b0d77ddcbe5447c218d247929b6cc056ca5351342accfff0af \
    --hash=sha256:9726558e8db4a5bf7929a70ae50f63abda4daf0efe810e3bfbab95976f75fc1a \
    --hash=sha256:99d5095fa265a0c4152e7bb12759e14381ef5496152f1ce58f44bdf55c44beb4 \
    --hash=sha256:a33276be12fa045805f477f22482088b66bb758ffbe89a9d21457de863a32e22 \
    --hash=sha256:a48a113e6afea91f5608793bafa7ef2ad481fefbda87ec5069f483de61cb9fa3 \
    --hash=sha256:ab451b59c5643c570974c43aef780703ef1d3b4965d2be07afd530615a9358d1 \
    --hash=sha256:ab84dc6b074fa881cae55bea94cc4f68e285181ba7f32497bf7dee6b1496165b \
    --hash=sha256:ab87a91b3cc3382b8956095bd8f95e00cf679bb81554339be1a2ba404a1473c1 \
    --hash=sha256:c12afb53450fa976d4c681c50a7423729a4c51c0465ed9f32b8a9cabbc472373 \
    --hash=sha256:caf3e317d33d60c37986b452613f4ab51246d0691350c03d0cb4a898627f4a95 \
    --hash=sha256:dc932a65ded7ce9013d120845a2514dcccb1a67bfc8deb8d37633762951904a6 \
    --hash=sha256:e68d8dd1e7eba712948f2053a29ec86917bc70ba1358df869d9f06649ef9cf09 \
    --hash=sha256:e824c2acf8862052246be5a44c15da1777940c60d010dd2aab897824d9c430f9 \
    --hash=sha256:e8c11c405efc5ff6816d5983c96cdfa215bab3428961243af3ff59b228490438 \
    --hash=sha256:efd736408cc97c79b9e6917338dfc8f06013b2274f992e96b1d9a81a71e2a2c2 \
    --hash=sha256:f089d7b00756190aacf1f5d34bdf38c3c430ac82b4f868f8cede73380460fce7 \
    --hash=sha256:f2479a47f8d5932d1718168a681ad6e536a9df484c83cfcf9de365e164537ace \
    --hash=sha256:f7119ebff1a9829e9f431a4f9d28e703023bb6b9fe7c8f724467dbfc27c94ab3 \
    --hash=sha256:f7d60026c0bdb1380e83bfa7a0419c4577ee4b9a08880afcb6dadeb74c649fa2 \
    --hash=sha256:f7feb014281029e628ba2d5a007407443b06e418b6fe451d1e2adcbc8eba0107
    # via
    #   h5py
    #   modelscan
pygments==2.20.0 \
    --hash=sha256:6757cd03768053ff99f3039c1a36d6c0aa0b263438fcab17520b30a303a82b5f \
    --hash=sha256:81a9e26dd42fd28a23a2d169d86d7ac03b46e2f8b59ed4698fb4785f946d0176
    # via rich
rich==14.3.4 \
    --hash=sha256:07e7adb4690f68864777b1450859253bed81a99a31ac321ac1817b2313558952 \
    --hash=sha256:817e02727f2b25b40ef56f5aa2217f400c8489f79ca8f46ea2b70dd5e14558a9
    # via modelscan
tomlkit==0.13.3 \
    --hash=sha256:430cf247ee57df2b94ee3fbe588e71d362a941ebb545dec29b53961d61add2a1 \
    --hash=sha256:c89c649d79ee40629a9fda55f8ace8c6a1b42deb912b2a8fd8d942ddadb606b0
    # via modelscan
